{
    "_meta": {
        "hash": {
            "sha256": "8d0e8e7d569039aeba1c0d2ed4f33c2894066f5ae30f79cb00d224d0e9151f45"
        },
        "host-environment-markers": {
            "implementation_name": "cpython",
            "implementation_version": "3.6.1",
            "os_name": "nt",
            "platform_machine": "AMD64",
            "platform_python_implementation": "CPython",
            "platform_release": "10",
            "platform_system": "Windows",
            "platform_version": "10.0.17134",
            "python_full_version": "3.6.1",
            "python_version": "3.6",
            "sys_platform": "win32"
        },
        "pipfile-spec": 6,
        "requires": {
            "python_version": "3.7"
        },
        "sources": [
            {
                "name": "pypi",
                "url": "https://pypi.org/simple",
                "verify_ssl": true
            }
        ]
    },
    "default": {
        "backcall": {
            "hashes": [],
            "version": "==0.1.0"
        },
        "bleach": {
            "hashes": [],
            "version": "==3.1.0"
        },
        "blessings": {
            "hashes": [],
            "version": "==1.7"
        },
        "boto3": {
            "hashes": [],
            "version": "==1.9.86"
        },
        "botocore": {
            "hashes": [],
            "version": "==1.12.134"
        },
        "certifi": {
            "hashes": [],
            "version": "==2019.3.9"
        },
        "chardet": {
            "hashes": [],
            "version": "==3.0.4"
        },
        "click": {
            "hashes": [],
            "version": "==7.0"
        },
        "colorama": {
            "hashes": [],
            "markers": "sys_platform == 'win32'",
            "version": "==0.4.1"
        },
        "coreapi": {
            "hashes": [],
            "version": "==2.3.3"
        },
        "coreschema": {
            "hashes": [],
            "version": "==0.0.4"
        },
        "coverage": {
            "hashes": [],
            "version": "==4.5.2"
        },
        "decorator": {
            "hashes": [],
            "version": "==4.4.0"
        },
        "dj-database-url": {
            "hashes": [],
            "version": "==0.5.0"
        },
        "django": {
            "hashes": [],
            "version": "==2.1.5"
        },
        "django-configurations": {
            "hashes": [],
            "version": "==2.1"
        },
        "django-cors-headers": {
            "hashes": [],
            "version": "==2.5.2"
        },
        "django-discover-runner": {
            "hashes": [],
            "version": "==1.0"
        },
        "django-filter": {
            "hashes": [],
            "version": "==2.1.0"
        },
        "django-model-utils": {
            "hashes": [],
            "version": "==3.1.2"
        },
        "django-nose": {
            "hashes": [],
            "version": "==1.4.6"
        },
        "django-role-permissions": {
            "hashes": [],
            "version": "==2.2.1"
        },
        "django-storages": {
            "hashes": [],
            "version": "==1.7.1"
        },
        "django-taggit": {
            "hashes": [],
            "version": "==1.1.0"
        },
        "django-taggit-serializer": {
            "hashes": [],
            "version": "==0.1.7"
        },
        "django-unique-upload": {
            "hashes": [],
            "version": "==0.2.1"
        },
        "djangorestframework": {
            "hashes": [],
            "version": "==3.9.1"
        },
        "docutils": {
            "hashes": [],
            "version": "==0.14"
        },
        "drf-nested-routers": {
            "hashes": [],
            "version": "==0.91"
        },
        "factory-boy": {
            "hashes": [],
            "version": "==2.11.1"
        },
        "faker": {
            "hashes": [],
            "version": "==1.0.5"
        },
        "flake8": {
            "hashes": [],
            "version": "==3.6.0"
        },
        "gunicorn": {
            "hashes": [],
            "version": "==19.9.0"
        },
        "html5lib": {
            "hashes": [],
            "version": "==1.0.1"
        },
        "idna": {
            "hashes": [],
            "version": "==2.8"
        },
        "ipdb": {
            "hashes": [],
            "version": "==0.11"
        },
        "ipython": {
            "hashes": [],
            "version": "==7.2.0"
        },
        "ipython-genutils": {
            "hashes": [],
            "version": "==0.2.0"
        },
        "itypes": {
            "hashes": [],
            "version": "==1.1.0"
        },
        "jedi": {
            "hashes": [],
            "version": "==0.13.3"
        },
        "jinja2": {
            "hashes": [],
            "version": "==2.10.1"
        },
        "jmespath": {
            "hashes": [],
            "version": "==0.9.4"
        },
        "livereload": {
            "hashes": [],
            "version": "==2.6.0"
        },
        "markdown": {
            "hashes": [],
            "version": "==3.0.1"
        },
        "markupsafe": {
            "hashes": [],
            "version": "==1.1.1"
        },
        "mccabe": {
            "hashes": [],
            "version": "==0.6.1"
        },
        "mkdocs": {
            "hashes": [],
            "version": "==1.0.4"
        },
        "mock": {
            "hashes": [],
            "version": "==2.0.0"
        },
        "mypy": {
            "hashes": [],
            "version": "==0.701"
        },
        "mypy-extensions": {
            "hashes": [],
            "version": "==0.4.1"
        },
        "newrelic": {
            "hashes": [],
            "version": "==4.12.0.113"
        },
        "nose": {
            "hashes": [],
            "version": "==1.3.7"
        },
        "nose-progressive": {
            "hashes": [],
            "version": "==1.5.2"
        },
        "oauthlib": {
            "hashes": [],
            "version": "==3.0.1"
        },
        "parso": {
            "hashes": [],
            "version": "==0.4.0"
        },
        "pbr": {
            "hashes": [],
            "version": "==5.1.3"
        },
        "pickleshare": {
            "hashes": [],
            "version": "==0.7.5"
        },
        "pillow": {
            "hashes": [],
            "version": "==6.0.0"
        },
        "prompt-toolkit": {
            "hashes": [],
            "version": "==2.0.9"
        },
        "psycopg2-binary": {
            "hashes": [],
            "version": "==2.7.7"
        },
        "pycodestyle": {
            "hashes": [],
            "version": "==2.4.0"
        },
        "pyflakes": {
            "hashes": [],
            "version": "==2.0.0"
        },
        "pygments": {
            "hashes": [],
            "version": "==2.3.1"
        },
        "python-dateutil": {
            "hashes": [],
            "version": "==2.8.0"
        },
        "python-frontmatter": {
            "hashes": [],
            "version": "==0.4.5"
        },
        "pytz": {
            "hashes": [],
            "version": "==2018.9"
        },
        "pyyaml": {
            "hashes": [],
            "version": "==5.1"
        },
        "requests": {
            "hashes": [],
            "version": "==2.21.0"
        },
        "requests-oauthlib": {
            "hashes": [],
            "version": "==1.2.0"
        },
        "s3transfer": {
            "hashes": [],
            "version": "==0.1.13"
        },
        "six": {
            "hashes": [],
            "version": "==1.12.0"
        },
        "text-unidecode": {
            "hashes": [],
            "version": "==1.2"
        },
        "tornado": {
            "hashes": [],
            "version": "==6.0.2"
        },
        "traitlets": {
            "hashes": [],
            "version": "==4.3.2"
        },
        "typed-ast": {
            "hashes": [],
            "version": "==1.3.4"
        },
        "uritemplate": {
            "hashes": [],
            "version": "==3.0.0"
        },
        "urllib3": {
            "hashes": [],
            "markers": "python_version >= '3.4'",
            "version": "==1.24.2"
        },
        "wcwidth": {
            "hashes": [],
            "version": "==0.1.7"
        },
        "webencodings": {
            "hashes": [],
            "version": "==0.5.1"
        },
        "whitenoise": {
            "hashes": [],
            "version": "==4.1.2"
        }
    },
    "develop": {
        "appdirs": {
            "hashes": [],
            "version": "==1.4.3"
        },
        "aspy.yaml": {
            "hashes": [],
            "version": "==1.2.0"
        },
        "attrs": {
            "hashes": [],
            "version": "==19.1.0"
        },
        "black": {
            "hashes": [],
            "version": "==18.9b0"
        },
        "cfgv": {
            "hashes": [],
            "version": "==1.6.0"
        },
        "click": {
            "hashes": [],
            "version": "==7.0"
        },
        "identify": {
            "hashes": [],
            "version": "==1.4.1"
        },
        "importlib-metadata": {
            "hashes": [],
            "version": "==0.9"
        },
        "importlib-resources": {
            "hashes": [],
            "markers": "python_version < '3.7'",
            "version": "==1.0.2"
        },
        "nodeenv": {
            "hashes": [],
            "version": "==1.3.3"
        },
        "pre-commit": {
            "hashes": [],
            "version": "==1.15.2"
        },
        "pyyaml": {
            "hashes": [],
            "version": "==5.1"
        },
        "six": {
            "hashes": [],
            "version": "==1.12.0"
        },
        "toml": {
            "hashes": [],
            "version": "==0.10.0"
        },
        "virtualenv": {
            "hashes": [],
            "version": "==16.4.3"
        },
        "zipp": {
            "hashes": [],
            "version": "==0.3.3"
        }
    }
}
