{
    "_meta": {
        "hash": {
            "sha256": "b1f530caedc7fd2c4b9b3f1315fdf310b21a8fd2ecb36aaf93d4262de6253918"
        },
        "pipfile-spec": 6,
        "requires": {
            "python_version": "3.7"
        },
        "sources": [
            {
                "name": "pypi",
                "url": "https://pypi.org/simple",
                "verify_ssl": true
            }
        ]
    },
    "default": {
        "backcall": {
            "hashes": [],
            "version": "==0.1.0"
        },
        "bleach": {
            "hashes": [
                "sha256:213336e49e102af26d9cde77dd2d0397afabc5a6bf2fed985dc35b5d1e285a16",
                "sha256:3fdf7f77adcf649c9911387df51254b813185e32b2c6619f690b593a617e19fa"
            ],
            "index": "pypi",
            "version": "==3.1.0"
        },
        "blessings": {
            "hashes": [],
            "version": "==1.7"
        },
        "boto3": {
            "hashes": [],
            "version": "==1.9.86"
        },
        "botocore": {
            "hashes": [
                "sha256:128130b12f8ba4bf07a673b119135264060eb98f6a4a7419cbd1f2c6dc926827",
                "sha256:59376112fdee707927b644dd44a1771861f8fe354a48d596131ced83d7a3c05b"
            ],
            "version": "==1.12.130"
        },
        "certifi": {
            "hashes": [
                "sha256:59b7658e26ca9c7339e00f8f4636cdfe59d34fa37b9b04f6f9e9926b3cece1a5",
                "sha256:b26104d6835d1f5e49452a26eb2ff87fe7090b89dfcaee5ea2212697e1e1d7ae"
            ],
            "version": "==2019.3.9"
        },
        "chardet": {
            "hashes": [],
            "version": "==3.0.4"
        },
        "click": {
            "hashes": [],
            "version": "==7.0"
        },
        "colorama": {
            "hashes": [],
            "markers": "sys_platform == 'win32'",
            "version": "==0.4.1"
        },
        "coreapi": {
            "hashes": [],
            "version": "==2.3.3"
        },
        "coreschema": {
            "hashes": [],
            "version": "==0.0.4"
        },
        "coverage": {
            "hashes": [],
            "version": "==4.5.2"
        },
        "decorator": {
            "hashes": [
                "sha256:86156361c50488b84a3f148056ea716ca587df2f0de1d34750d35c21312725de",
                "sha256:f069f3a01830ca754ba5258fde2278454a0b5b79e0d7f5c13b3b97e57d4acff6"
            ],
            "version": "==4.4.0"
        },
        "dj-database-url": {
            "hashes": [],
            "version": "==0.5.0"
        },
        "django": {
            "hashes": [],
            "version": "==2.1.5"
        },
        "django-configurations": {
            "hashes": [],
            "version": "==2.1"
        },
        "django-cors-headers": {
            "hashes": [
                "sha256:1ccedec2973087be9d73f96d58c4f6660c823efc0385581e13efb77f060d0e02",
                "sha256:fb44f6b9f10de847919305c3f0d38fcfbadfe0dd5cf1c866f37df66ad0dda1bb"
            ],
            "index": "pypi",
            "version": "==2.5.2"
        },
        "django-discover-runner": {
            "hashes": [],
            "version": "==1.0"
        },
        "django-filter": {
            "hashes": [],
            "version": "==2.1.0"
        },
        "django-model-utils": {
            "hashes": [],
            "version": "==3.1.2"
        },
        "django-nose": {
            "hashes": [],
            "version": "==1.4.6"
        },
        "django-picklefield": {
            "hashes": [],
            "version": "==2.0"
        },
        "django-role-permissions": {
            "hashes": [],
            "version": "==2.2.1"
        },
        "django-storages": {
            "hashes": [],
            "version": "==1.7.1"
        },
        "django-unique-upload": {
            "hashes": [],
            "version": "==0.2.1"
        },
        "djangorestframework": {
            "hashes": [],
            "version": "==3.9.1"
        },
        "docutils": {
            "hashes": [],
            "version": "==0.14"
        },
        "drf-nested-routers": {
            "hashes": [],
            "version": "==0.91"
        },
        "factory-boy": {
            "hashes": [],
            "version": "==2.11.1"
        },
        "faker": {
            "hashes": [
                "sha256:00b7011757c4907546f17d0e47df098b542ea2b04c966ee0e80a493aae2c13c8",
                "sha256:745ac8b9c9526e338696e07b7f2e206e5e317e5744e22fdd7c2894bf19af41f1"
            ],
            "version": "==1.0.4"
        },
        "flake8": {
            "hashes": [],
            "version": "==3.6.0"
        },
        "gunicorn": {
            "hashes": [],
            "version": "==19.9.0"
        },
        "html5lib": {
            "hashes": [
                "sha256:20b159aa3badc9d5ee8f5c647e5efd02ed2a66ab8d354930bd9ff139fc1dc0a3",
                "sha256:66cb0dcfdbbc4f9c3ba1a63fdb511ffdbd4f513b2b6d81b80cd26ce6b3fb3736"
            ],
            "index": "pypi",
            "version": "==1.0.1"
        },
        "idna": {
            "hashes": [],
            "version": "==2.8"
        },
        "ipdb": {
            "hashes": [],
            "version": "==0.11"
        },
        "ipython": {
            "hashes": [],
            "version": "==7.2.0"
        },
        "ipython-genutils": {
            "hashes": [],
            "version": "==0.2.0"
        },
        "itypes": {
            "hashes": [],
            "version": "==1.1.0"
        },
        "jedi": {
            "hashes": [],
            "version": "==0.13.3"
        },
        "jinja2": {
            "hashes": [
                "sha256:065c4f02ebe7f7cf559e49ee5a95fb800a9e4528727aec6f24402a5374c65013",
                "sha256:14dd6caf1527abb21f08f86c784eac40853ba93edb79552aa1e4b8aef1b61c7b"
            ],
            "version": "==2.10.1"
        },
        "jmespath": {
            "hashes": [],
            "version": "==0.9.4"
        },
        "livereload": {
            "hashes": [],
            "version": "==2.6.0"
        },
        "markdown": {
            "hashes": [],
            "version": "==3.0.1"
        },
        "markupsafe": {
            "hashes": [],
            "version": "==1.1.1"
        },
        "mccabe": {
            "hashes": [],
            "version": "==0.6.1"
        },
        "mkdocs": {
            "hashes": [],
            "version": "==1.0.4"
        },
        "mock": {
            "hashes": [],
            "version": "==2.0.0"
        },
        "mypy": {
            "hashes": [
                "sha256:03261a04ace27250cf14f1301969e2cc36ad0343dd437e60007ce42f06ddbaff",
                "sha256:6a7923e90dd8f8b8e762327e3a4dd814f0bc5581a627010f4e2ec72d906ada0f",
                "sha256:6a7c2b16ff7dee1cd4a913641d6a8da0cd386be812524f41427ea25f8fe337a6",
                "sha256:7480db0bc2bb473547c8d519ea549de9f9654170e6f5b34310094ebe5ee1c9dc",
                "sha256:863774c896f2cdc62a0e2252e9ba7aaeb7da04c0296f47c82b125dce3437c580",
                "sha256:9a990cf039891a83ee90f130256cc06d09c0793242ea38d0fe33fdc449507123",
                "sha256:b03573d0cd8c051aa9ef7f47d564cf44bbc5e91e89a7a078b3ca904b3da8855a",
                "sha256:b10b16d9aa7a01266f14260344fb25849ef0d508c512a916043f77987489aeff",
                "sha256:b1eab82221c3cc94bf22152e701b3efc9d64f60fac4cab20969a0427e5a78261",
                "sha256:e663d4424531dc99fb85c947df8a4a107442f53f20a4e0bcefaa1d21c87e1563",
                "sha256:ffac30f3fa2c9e10118cbb0faa0b7da7edb6e3c24a4048a15446a1f3409884e3"
            ],
            "index": "pypi",
            "version": "==0.700"
        },
        "mypy-extensions": {
            "hashes": [],
            "version": "==0.4.1"
        },
        "newrelic": {
            "hashes": [],
            "version": "==4.12.0.113"
        },
        "nose": {
            "hashes": [],
            "version": "==1.3.7"
        },
        "nose-progressive": {
            "hashes": [],
            "version": "==1.5.2"
        },
        "oauthlib": {
            "hashes": [],
            "version": "==3.0.1"
        },
        "parso": {
            "hashes": [
                "sha256:17cc2d7a945eb42c3569d4564cdf49bde221bc2b552af3eca9c1aad517dcdd33",
                "sha256:2e9574cb12e7112a87253e14e2c380ce312060269d04bd018478a3c92ea9a376"
            ],
            "version": "==0.4.0"
        },
        "pbr": {
            "hashes": [
                "sha256:8257baf496c8522437e8a6cfe0f15e00aedc6c0e0e7c9d55eeeeab31e0853843",
                "sha256:8c361cc353d988e4f5b998555c88098b9d5964c2e11acf7b0d21925a66bb5824"
            ],
            "version": "==5.1.3"
        },
        "pexpect": {
            "hashes": [
                "sha256:2094eefdfcf37a1fdbfb9aa090862c1a4878e5c7e0e7e7088bdb511c558e5cd1",
                "sha256:9e2c1fd0e6ee3a49b28f95d4b33bc389c89b20af6a1255906e90ff1262ce62eb"
            ],
            "markers": "sys_platform != 'win32'",
            "version": "==4.7.0"
        },
        "pickleshare": {
            "hashes": [],
            "version": "==0.7.5"
        },
        "pillow": {
            "hashes": [
                "sha256:15c056bfa284c30a7f265a41ac4cbbc93bdbfc0dfe0613b9cb8a8581b51a9e55",
                "sha256:1a4e06ba4f74494ea0c58c24de2bb752818e9d504474ec95b0aa94f6b0a7e479",
                "sha256:1c3c707c76be43c9e99cb7e3d5f1bee1c8e5be8b8a2a5eeee665efbf8ddde91a",
                "sha256:1fd0b290203e3b0882d9605d807b03c0f47e3440f97824586c173eca0aadd99d",
                "sha256:24114e4a6e1870c5a24b1da8f60d0ba77a0b4027907860188ea82bd3508c80eb",
                "sha256:258d886a49b6b058cd7abb0ab4b2b85ce78669a857398e83e8b8e28b317b5abb",
                "sha256:33c79b6dd6bc7f65079ab9ca5bebffb5f5d1141c689c9c6a7855776d1b09b7e8",
                "sha256:367385fc797b2c31564c427430c7a8630db1a00bd040555dfc1d5c52e39fcd72",
                "sha256:3c1884ff078fb8bf5f63d7d86921838b82ed4a7d0c027add773c2f38b3168754",
                "sha256:44e5240e8f4f8861d748f2a58b3f04daadab5e22bfec896bf5434745f788f33f",
                "sha256:46aa988e15f3ea72dddd81afe3839437b755fffddb5e173886f11460be909dce",
                "sha256:74d90d499c9c736d52dd6d9b7221af5665b9c04f1767e35f5dd8694324bd4601",
                "sha256:809c0a2ce9032cbcd7b5313f71af4bdc5c8c771cb86eb7559afd954cab82ebb5",
                "sha256:85d1ef2cdafd5507c4221d201aaf62fc9276f8b0f71bd3933363e62a33abc734",
                "sha256:8c3889c7681af77ecfa4431cd42a2885d093ecb811e81fbe5e203abc07e0995b",
                "sha256:9218d81b9fca98d2c47d35d688a0cea0c42fd473159dfd5612dcb0483c63e40b",
                "sha256:9aa4f3827992288edd37c9df345783a69ef58bd20cc02e64b36e44bcd157bbf1",
                "sha256:9d80f44137a70b6f84c750d11019a3419f409c944526a95219bea0ac31f4dd91",
                "sha256:b7ebd36128a2fe93991293f997e44be9286503c7530ace6a55b938b20be288d8",
                "sha256:c4c78e2c71c257c136cdd43869fd3d5e34fc2162dc22e4a5406b0ebe86958239",
                "sha256:c6a842537f887be1fe115d8abb5daa9bc8cc124e455ff995830cc785624a97af",
                "sha256:cf0a2e040fdf5a6d95f4c286c6ef1df6b36c218b528c8a9158ec2452a804b9b8",
                "sha256:cfd28aad6fc61f7a5d4ee556a997dc6e5555d9381d1390c00ecaf984d57e4232",
                "sha256:dca5660e25932771460d4688ccbb515677caaf8595f3f3240ec16c117deff89a",
                "sha256:de7aedc85918c2f887886442e50f52c1b93545606317956d65f342bd81cb4fc3",
                "sha256:e6c0bbf8e277b74196e3140c35f9a1ae3eafd818f7f2d3a15819c49135d6c062"
            ],
            "index": "pypi",
            "version": "==6.0.0"
        },
        "prompt-toolkit": {
            "hashes": [],
            "version": "==2.0.9"
        },
        "psycopg2-binary": {
            "hashes": [],
            "version": "==2.7.7"
        },
        "pycodestyle": {
            "hashes": [],
            "version": "==2.4.0"
        },
        "pyflakes": {
            "hashes": [],
            "version": "==2.0.0"
        },
        "pygments": {
            "hashes": [],
            "version": "==2.3.1"
        },
        "python-dateutil": {
            "hashes": [],
            "markers": "python_version >= '2.7'",
            "version": "==2.8.0"
        },
        "python-frontmatter": {
            "hashes": [
                "sha256:13a61749910f2e1968c011103406429abc79c41d52b69adfb07f702ae2df32cc",
                "sha256:cec75b2afd1a06cf5b03cfd9c5173365d3dc14379526389a9742ff35846df771"
            ],
            "index": "pypi",
            "version": "==0.4.5"
        },
        "pytz": {
            "hashes": [],
            "version": "==2018.9"
        },
        "pyyaml": {
            "hashes": [
                "sha256:1adecc22f88d38052fb787d959f003811ca858b799590a5eaa70e63dca50308c",
                "sha256:436bc774ecf7c103814098159fbb84c2715d25980175292c648f2da143909f95",
                "sha256:460a5a4248763f6f37ea225d19d5c205677d8d525f6a83357ca622ed541830c2",
                "sha256:5a22a9c84653debfbf198d02fe592c176ea548cccce47553f35f466e15cf2fd4",
                "sha256:7a5d3f26b89d688db27822343dfa25c599627bc92093e788956372285c6298ad",
                "sha256:9372b04a02080752d9e6f990179a4ab840227c6e2ce15b95e1278456664cf2ba",
                "sha256:a5dcbebee834eaddf3fa7366316b880ff4062e4bcc9787b78c7fbb4a26ff2dd1",
                "sha256:aee5bab92a176e7cd034e57f46e9df9a9862a71f8f37cad167c6fc74c65f5b4e",
                "sha256:c51f642898c0bacd335fc119da60baae0824f2cde95b0330b56c0553439f0673",
                "sha256:c68ea4d3ba1705da1e0d85da6684ac657912679a649e8868bd850d2c299cce13",
                "sha256:e23d0cc5299223dcc37885dae624f382297717e459ea24053709675a976a3e19"
            ],
            "version": "==5.1"
        },
        "requests": {
            "hashes": [],
            "version": "==2.21.0"
        },
        "requests-oauthlib": {
            "hashes": [],
            "version": "==1.2.0"
        },
        "s3transfer": {
            "hashes": [],
            "version": "==0.1.13"
        },
        "six": {
            "hashes": [],
            "version": "==1.12.0"
        },
        "text-unidecode": {
            "hashes": [],
            "version": "==1.2"
        },
        "tornado": {
            "hashes": [
                "sha256:1174dcb84d08887b55defb2cda1986faeeea715fff189ef3dc44cce99f5fca6b",
                "sha256:2613fab506bd2aedb3722c8c64c17f8f74f4070afed6eea17f20b2115e445aec",
                "sha256:44b82bc1146a24e5b9853d04c142576b4e8fa7a92f2e30bc364a85d1f75c4de2",
                "sha256:457fcbee4df737d2defc181b9073758d73f54a6cfc1f280533ff48831b39f4a8",
                "sha256:49603e1a6e24104961497ad0c07c799aec1caac7400a6762b687e74c8206677d",
                "sha256:8c2f40b99a8153893793559919a355d7b74649a11e59f411b0b0a1793e160bc0",
                "sha256:e1d897889c3b5a829426b7d52828fb37b28bc181cd598624e65c8be40ee3f7fa"
            ],
            "version": "==6.0.2"
        },
        "traitlets": {
            "hashes": [],
            "version": "==4.3.2"
        },
        "typed-ast": {
            "hashes": [],
            "version": "==1.3.1"
        },
        "uritemplate": {
            "hashes": [],
            "version": "==3.0.0"
        },
        "urllib3": {
            "hashes": [],
            "markers": "python_version >= '3.4'",
            "version": "==1.24.1"
        },
        "wcwidth": {
            "hashes": [],
            "version": "==0.1.7"
        },
        "webencodings": {
            "hashes": [
                "sha256:a0af1213f3c2226497a97e2b3aa01a7e4bee4f403f95be16fc9acd2947514a78",
                "sha256:b36a1c245f2d304965eb4e0a82848379241dc04b865afcc4aab16748587e1923"
            ],
            "version": "==0.5.1"
        },
        "whitenoise": {
            "hashes": [],
            "version": "==4.1.2"
        }
    },
    "develop": {
        "appdirs": {
            "hashes": [],
            "version": "==1.4.3"
        },
        "aspy.yaml": {
            "hashes": [
                "sha256:ae249074803e8b957c83fdd82a99160d0d6d26dff9ba81ba608b42eebd7d8cd3",
                "sha256:c7390d79f58eb9157406966201abf26da0d56c07e0ff0deadc39c8f4dbc13482"
            ],
            "version": "==1.2.0"
        },
        "attrs": {
            "hashes": [
                "sha256:69c0dbf2ed392de1cb5ec704444b08a5ef81680a61cb899dc08127123af36a79",
                "sha256:f0b870f674851ecbfbbbd364d6b5cbdff9dcedbc7f3f5e18a6891057f21fe399"
            ],
            "version": "==19.1.0"
        },
        "black": {
            "hashes": [],
            "version": "==18.9b0"
        },
        "cfgv": {
            "hashes": [
                "sha256:6e9f2feea5e84bc71e56abd703140d7a2c250fc5ba38b8702fd6a68ed4e3b2ef",
                "sha256:e7f186d4a36c099a9e20b04ac3108bd8bb9b9257e692ce18c8c3764d5cb12172"
            ],
            "version": "==1.6.0"
        },
        "click": {
            "hashes": [],
            "version": "==7.0"
        },
        "identify": {
            "hashes": [
                "sha256:244e7864ef59f0c7c50c6db73f58564151d91345cd9b76ed793458953578cadd",
                "sha256:8ff062f90ad4b09cfe79b5dfb7a12e40f19d2e68a5c9598a49be45f16aba7171"
            ],
            "version": "==1.4.1"
        },
        "importlib-metadata": {
            "hashes": [
                "sha256:46fc60c34b6ed7547e2a723fc8de6dc2e3a1173f8423246b3ce497f064e9c3de",
                "sha256:bc136180e961875af88b1ab85b4009f4f1278f8396a60526c0009f503a1a96ca"
            ],
            "version": "==0.9"
        },
        "importlib-resources": {
            "hashes": [],
            "markers": "python_version < '3.7'",
            "version": "==1.0.2"
        },
        "nodeenv": {
            "hashes": [],
            "version": "==1.3.3"
        },
        "pre-commit": {
            "hashes": [
                "sha256:75a9110eae00d009c913616c0fc8a6a02e7716c4a29a14cac9b313d2c7338ab0",
                "sha256:f882c65316eb5b705fe4613e92a7c91055c1800102e4d291cfd18912ec9cf90e"
            ],
            "index": "pypi",
            "version": "==1.15.1"
        },
        "pyyaml": {
            "hashes": [
                "sha256:1adecc22f88d38052fb787d959f003811ca858b799590a5eaa70e63dca50308c",
                "sha256:436bc774ecf7c103814098159fbb84c2715d25980175292c648f2da143909f95",
                "sha256:460a5a4248763f6f37ea225d19d5c205677d8d525f6a83357ca622ed541830c2",
                "sha256:5a22a9c84653debfbf198d02fe592c176ea548cccce47553f35f466e15cf2fd4",
                "sha256:7a5d3f26b89d688db27822343dfa25c599627bc92093e788956372285c6298ad",
                "sha256:9372b04a02080752d9e6f990179a4ab840227c6e2ce15b95e1278456664cf2ba",
                "sha256:a5dcbebee834eaddf3fa7366316b880ff4062e4bcc9787b78c7fbb4a26ff2dd1",
                "sha256:aee5bab92a176e7cd034e57f46e9df9a9862a71f8f37cad167c6fc74c65f5b4e",
                "sha256:c51f642898c0bacd335fc119da60baae0824f2cde95b0330b56c0553439f0673",
                "sha256:c68ea4d3ba1705da1e0d85da6684ac657912679a649e8868bd850d2c299cce13",
                "sha256:e23d0cc5299223dcc37885dae624f382297717e459ea24053709675a976a3e19"
            ],
            "version": "==5.1"
        },
        "six": {
            "hashes": [],
            "version": "==1.12.0"
        },
        "toml": {
            "hashes": [],
            "version": "==0.10.0"
        },
        "virtualenv": {
            "hashes": [
                "sha256:6aebaf4dd2568a0094225ebbca987859e369e3e5c22dc7d52e5406d504890417",
                "sha256:984d7e607b0a5d1329425dd8845bd971b957424b5ba664729fab51ab8c11bc39"
            ],
            "version": "==16.4.3"
        },
        "zipp": {
            "hashes": [],
            "version": "==0.3.3"
        }
    }
}
